
Microsoft Visual Studio Solution File, Format Version 12.00
# Visual Studio Version 17
VisualStudioVersion = 17.0.31903.59
MinimumVisualStudioVersion = 10.0.40219.1
Project("{FAE04EC0-301F-11D3-BF4B-00C04F79EFBC}") = "Hoscy", "Hoscy\Hoscy.csproj", "{881E68EB-426D-4A63-8E65-8E3EA8F114D1}"
EndProject
Project("{FAE04EC0-301F-11D3-BF4B-00C04F79EFBC}") = "HoscyWhisperServer", "HoscyWhisperServer\HoscyWhisperServer.csproj", "{F880AF78-6AA6-47EF-A4B5-A9AD6B062EA1}"
EndProject
Global
	GlobalSection(SolutionConfigurationPlatforms) = preSolution
		Debug|Any CPU = Debug|Any CPU
		Release|Any CPU = Release|Any CPU
	EndGlobalSection
	GlobalSection(SolutionProperties) = preSolution
		HideSolutionNode = FALSE
	EndGlobalSection
	GlobalSection(ProjectConfigurationPlatforms) = postSolution
		{3944461A-355D-4DC1-AD1B-E4B96E6674A6}.Debug|Any CPU.ActiveCfg = Debug|Any CPU
		{3944461A-355D-4DC1-AD1B-E4B96E6674A6}.Debug|Any CPU.Build.0 = Debug|Any CPU
		{3944461A-355D-4DC1-AD1B-E4B96E6674A6}.Release|Any CPU.ActiveCfg = Release|Any CPU
		{3944461A-355D-4DC1-AD1B-E4B96E6674A6}.Release|Any CPU.Build.0 = Release|Any CPU
		{00F41A22-8967-46C7-ADED-B9DAF97DA9F6}.Debug|Any CPU.ActiveCfg = Debug|Any CPU
		{00F41A22-8967-46C7-ADED-B9DAF97DA9F6}.Debug|Any CPU.Build.0 = Debug|Any CPU
		{00F41A22-8967-46C7-ADED-B9DAF97DA9F6}.Release|Any CPU.ActiveCfg = Release|Any CPU
		{00F41A22-8967-46C7-ADED-B9DAF97DA9F6}.Release|Any CPU.Build.0 = Release|Any CPU
		{881E68EB-426D-4A63-8E65-8E3EA8F114D1}.Debug|Any CPU.ActiveCfg = Debug|Any CPU
		{881E68EB-426D-4A63-8E65-8E3EA8F114D1}.Debug|Any CPU.Build.0 = Debug|Any CPU
		{881E68EB-426D-4A63-8E65-8E3EA8F114D1}.Release|Any CPU.ActiveCfg = Release|Any CPU
		{881E68EB-426D-4A63-8E65-8E3EA8F114D1}.Release|Any CPU.Build.0 = Release|Any CPU
		{F880AF78-6AA6-47EF-A4B5-A9AD6B062EA1}.Debug|Any CPU.ActiveCfg = Debug|Any CPU
		{F880AF78-6AA6-47EF-A4B5-A9AD6B062EA1}.Debug|Any CPU.Build.0 = Debug|Any CPU
		{F880AF78-6AA6-47EF-A4B5-A9AD6B062EA1}.Release|Any CPU.ActiveCfg = Release|Any CPU
		{F880AF78-6AA6-47EF-A4B5-A9AD6B062EA1}.Release|Any CPU.Build.0 = Release|Any CPU
	EndGlobalSection
EndGlobal
